
Microsoft Visual Studio Solution File, Format Version 12.00
# Visual Studio 15
VisualStudioVersion = 15.0.26403.7
MinimumVisualStudioVersion = 10.0.40219.1
Project("{FAE04EC0-301F-11D3-BF4B-00C04F79EFBC}") = "ClientStarter", "ClientStarter\ClientStarter.csproj", "{F6EE619B-A147-4E15-8C1A-8734C5B9D981}"
	ProjectSection(ProjectDependencies) = postProject
		{A228DA0D-FC4B-4568-A1C9-5871D5BBE7D1} = {A228DA0D-FC4B-4568-A1C9-5871D5BBE7D1}
	EndProjectSection
EndProject
Project("{FAE04EC0-301F-11D3-BF4B-00C04F79EFBC}") = "Agent_Aries", "Agent_Aries\Agent_Aries.csproj", "{A228DA0D-FC4B-4568-A1C9-5871D5BBE7D1}"
EndProject
Project("{FAE04EC0-301F-11D3-BF4B-00C04F79EFBC}") = "Wepwawet", "Wepwawet\Wepwawet.csproj", "{625006C6-1B80-44B2-9E2A-F45E78C27485}"
EndProject
Project("{9A19103F-16F7-4668-BE54-9A1E7A4F7556}") = "UnitTestProject", "UnitTestProject\UnitTestProject.csproj", "{F27DEF72-7019-41AA-B8C7-DD4868A31540}"
EndProject
Global
	GlobalSection(SolutionConfigurationPlatforms) = preSolution
		Debug|Any CPU = Debug|Any CPU
		Release|Any CPU = Release|Any CPU
	EndGlobalSection
	GlobalSection(ProjectConfigurationPlatforms) = postSolution
		{F6EE619B-A147-4E15-8C1A-8734C5B9D981}.Debug|Any CPU.ActiveCfg = Debug|Any CPU
		{F6EE619B-A147-4E15-8C1A-8734C5B9D981}.Debug|Any CPU.Build.0 = Debug|Any CPU
		{F6EE619B-A147-4E15-8C1A-8734C5B9D981}.Release|Any CPU.ActiveCfg = Release|Any CPU
		{F6EE619B-A147-4E15-8C1A-8734C5B9D981}.Release|Any CPU.Build.0 = Release|Any CPU
		{A228DA0D-FC4B-4568-A1C9-5871D5BBE7D1}.Debug|Any CPU.ActiveCfg = Debug|Any CPU
		{A228DA0D-FC4B-4568-A1C9-5871D5BBE7D1}.Debug|Any CPU.Build.0 = Debug|Any CPU
		{A228DA0D-FC4B-4568-A1C9-5871D5BBE7D1}.Release|Any CPU.ActiveCfg = Release|Any CPU
		{A228DA0D-FC4B-4568-A1C9-5871D5BBE7D1}.Release|Any CPU.Build.0 = Release|Any CPU
		{625006C6-1B80-44B2-9E2A-F45E78C27485}.Debug|Any CPU.ActiveCfg = Debug|Any CPU
		{625006C6-1B80-44B2-9E2A-F45E78C27485}.Debug|Any CPU.Build.0 = Debug|Any CPU
		{625006C6-1B80-44B2-9E2A-F45E78C27485}.Release|Any CPU.ActiveCfg = Release|Any CPU
		{625006C6-1B80-44B2-9E2A-F45E78C27485}.Release|Any CPU.Build.0 = Release|Any CPU
		{F27DEF72-7019-41AA-B8C7-DD4868A31540}.Debug|Any CPU.ActiveCfg = Debug|Any CPU
		{F27DEF72-7019-41AA-B8C7-DD4868A31540}.Debug|Any CPU.Build.0 = Debug|Any CPU
		{F27DEF72-7019-41AA-B8C7-DD4868A31540}.Release|Any CPU.ActiveCfg = Release|Any CPU
		{F27DEF72-7019-41AA-B8C7-DD4868A31540}.Release|Any CPU.Build.0 = Release|Any CPU
	EndGlobalSection
	GlobalSection(SolutionProperties) = preSolution
		HideSolutionNode = FALSE
	EndGlobalSection
	GlobalSection(Performance) = preSolution
		HasPerformanceSessions = true
	EndGlobalSection
	GlobalSection(Performance) = preSolution
		HasPerformanceSessions = true
	EndGlobalSection
EndGlobal
